// !$*UTF8*$!
{
	archiveVersion = 1;
	classes = {
	};
	objectVersion = 50;
	objects = {

/* Begin PBXBuildFile section */
		D12433D025F0353D00987690 /* AppDelegate.swift in Sources */ = {isa = PBXBuildFile; fileRef = D12433CF25F0353D00987690 /* AppDelegate.swift */; };
		D12433D225F0353D00987690 /* SceneDelegate.swift in Sources */ = {isa = PBXBuildFile; fileRef = D12433D125F0353D00987690 /* SceneDelegate.swift */; };
		D12433D925F0354200987690 /* Assets.xcassets in Resources */ = {isa = PBXBuildFile; fileRef = D12433D825F0354200987690 /* Assets.xcassets */; };
		D12433DC25F0354200987690 /* LaunchScreen.storyboard in Resources */ = {isa = PBXBuildFile; fileRef = D12433DA25F0354200987690 /* LaunchScreen.storyboard */; };
		D12433FC25F038BC00987690 /* HomeViewController.swift in Sources */ = {isa = PBXBuildFile; fileRef = D12433FB25F038BC00987690 /* HomeViewController.swift */; };
		D124340A25F03E1100987690 /* PhotoFeedResult.swift in Sources */ = {isa = PBXBuildFile; fileRef = D124340925F03E1100987690 /* PhotoFeedResult.swift */; };
		D124340D25F03E1B00987690 /* Photo.swift in Sources */ = {isa = PBXBuildFile; fileRef = D124340C25F03E1B00987690 /* Photo.swift */; };
		D124341025F03E2D00987690 /* PhotoSize.swift in Sources */ = {isa = PBXBuildFile; fileRef = D124340F25F03E2D00987690 /* PhotoSize.swift */; };
/* End PBXBuildFile section */

/* Begin PBXFileReference section */
		D12433CC25F0353D00987690 /* PhotoBrowserApp-MVVM-Generic.app */ = {isa = PBXFileReference; explicitFileType = wrapper.application; includeInIndex = 0; path = "PhotoBrowserApp-MVVM-Generic.app"; sourceTree = BUILT_PRODUCTS_DIR; };
		D12433CF25F0353D00987690 /* AppDelegate.swift */ = {isa = PBXFileReference; lastKnownFileType = sourcecode.swift; path = AppDelegate.swift; sourceTree = "<group>"; };
		D12433D125F0353D00987690 /* SceneDelegate.swift */ = {isa = PBXFileReference; lastKnownFileType = sourcecode.swift; path = SceneDelegate.swift; sourceTree = "<group>"; };
		D12433D825F0354200987690 /* Assets.xcassets */ = {isa = PBXFileReference; lastKnownFileType = folder.assetcatalog; path = Assets.xcassets; sourceTree = "<group>"; };
		D12433DB25F0354200987690 /* Base */ = {isa = PBXFileReference; lastKnownFileType = file.storyboard; name = Base; path = Base.lproj/LaunchScreen.storyboard; sourceTree = "<group>"; };
		D12433DD25F0354200987690 /* Info.plist */ = {isa = PBXFileReference; lastKnownFileType = text.plist.xml; path = Info.plist; sourceTree = "<group>"; };
		D12433FB25F038BC00987690 /* HomeViewController.swift */ = {isa = PBXFileReference; lastKnownFileType = sourcecode.swift; path = HomeViewController.swift; sourceTree = "<group>"; };
		D124340925F03E1100987690 /* PhotoFeedResult.swift */ = {isa = PBXFileReference; lastKnownFileType = sourcecode.swift; path = PhotoFeedResult.swift; sourceTree = "<group>"; };
		D124340C25F03E1B00987690 /* Photo.swift */ = {isa = PBXFileReference; lastKnownFileType = sourcecode.swift; path = Photo.swift; sourceTree = "<group>"; };
		D124340F25F03E2D00987690 /* PhotoSize.swift */ = {isa = PBXFileReference; lastKnownFileType = sourcecode.swift; path = PhotoSize.swift; sourceTree = "<group>"; };
/* End PBXFileReference section */

/* Begin PBXFrameworksBuildPhase section */
		D12433C925F0353D00987690 /* Frameworks */ = {
			isa = PBXFrameworksBuildPhase;
			buildActionMask = 2147483647;
			files = (
			);
			runOnlyForDeploymentPostprocessing = 0;
		};
/* End PBXFrameworksBuildPhase section */

/* Begin PBXGroup section */
		D12433C325F0353D00987690 = {
			isa = PBXGroup;
			children = (
				D12433CE25F0353D00987690 /* PhotoBrowserApp-MVVM-Generic */,
				D12433CD25F0353D00987690 /* Products */,
			);
			sourceTree = "<group>";
		};
		D12433CD25F0353D00987690 /* Products */ = {
			isa = PBXGroup;
			children = (
				D12433CC25F0353D00987690 /* PhotoBrowserApp-MVVM-Generic.app */,
			);
			name = Products;
			sourceTree = "<group>";
		};
		D12433CE25F0353D00987690 /* PhotoBrowserApp-MVVM-Generic */ = {
			isa = PBXGroup;
			children = (
				D124340725F03ADE00987690 /* Models */,
				D124340525F03ABF00987690 /* Views */,
				D124340625F03ACE00987690 /* ViewModels */,
				D124340225F03A2C00987690 /* ViewControllers */,
				D124340425F03AA400987690 /* Networking */,
				D12433F325F0384200987690 /* SupportFiles */,
			);
			path = "PhotoBrowserApp-MVVM-Generic";
			sourceTree = "<group>";
		};
		D12433F325F0384200987690 /* SupportFiles */ = {
			isa = PBXGroup;
			children = (
				D12433CF25F0353D00987690 /* AppDelegate.swift */,
				D12433D125F0353D00987690 /* SceneDelegate.swift */,
				D12433D825F0354200987690 /* Assets.xcassets */,
				D12433DA25F0354200987690 /* LaunchScreen.storyboard */,
				D12433DD25F0354200987690 /* Info.plist */,
			);
			name = SupportFiles;
			sourceTree = "<group>";
		};
		D124340225F03A2C00987690 /* ViewControllers */ = {
			isa = PBXGroup;
			children = (
				D12433FB25F038BC00987690 /* HomeViewController.swift */,
			);
			path = ViewControllers;
			sourceTree = "<group>";
		};
		D124340425F03AA400987690 /* Networking */ = {
			isa = PBXGroup;
			children = (
			);
			path = Networking;
			sourceTree = "<group>";
		};
		D124340525F03ABF00987690 /* Views */ = {
			isa = PBXGroup;
			children = (
			);
			path = Views;
			sourceTree = "<group>";
		};
		D124340625F03ACE00987690 /* ViewModels */ = {
			isa = PBXGroup;
			children = (
			);
			path = ViewModels;
			sourceTree = "<group>";
		};
		D124340725F03ADE00987690 /* Models */ = {
			isa = PBXGroup;
			children = (
				D124340925F03E1100987690 /* PhotoFeedResult.swift */,
				D124340C25F03E1B00987690 /* Photo.swift */,
				D124340F25F03E2D00987690 /* PhotoSize.swift */,
			);
			path = Models;
			sourceTree = "<group>";
		};
/* End PBXGroup section */

/* Begin PBXNativeTarget section */
		D12433CB25F0353D00987690 /* PhotoBrowserApp-MVVM-Generic */ = {
			isa = PBXNativeTarget;
			buildConfigurationList = D12433E025F0354200987690 /* Build configuration list for PBXNativeTarget "PhotoBrowserApp-MVVM-Generic" */;
			buildPhases = (
				D12433C825F0353D00987690 /* Sources */,
				D12433C925F0353D00987690 /* Frameworks */,
				D12433CA25F0353D00987690 /* Resources */,
			);
			buildRules = (
			);
			dependencies = (
			);
			name = "PhotoBrowserApp-MVVM-Generic";
			productName = "PhotoBrowserApp-MVVM-Generic";
			productReference = D12433CC25F0353D00987690 /* PhotoBrowserApp-MVVM-Generic.app */;
			productType = "com.apple.product-type.application";
		};
/* End PBXNativeTarget section */

/* Begin PBXProject section */
		D12433C425F0353D00987690 /* Project object */ = {
			isa = PBXProject;
			attributes = {
				LastSwiftUpdateCheck = 1240;
				LastUpgradeCheck = 1240;
				TargetAttributes = {
					D12433CB25F0353D00987690 = {
						CreatedOnToolsVersion = 12.4;
					};
				};
			};
			buildConfigurationList = D12433C725F0353D00987690 /* Build configuration list for PBXProject "PhotoBrowserApp-MVVM-Generic" */;
			compatibilityVersion = "Xcode 9.3";
			developmentRegion = en;
			hasScannedForEncodings = 0;
			knownRegions = (
				en,
				Base,
			);
			mainGroup = D12433C325F0353D00987690;
			productRefGroup = D12433CD25F0353D00987690 /* Products */;
			projectDirPath = "";
			projectRoot = "";
			targets = (
				D12433CB25F0353D00987690 /* PhotoBrowserApp-MVVM-Generic */,
			);
		};
/* End PBXProject section */

/* Begin PBXResourcesBuildPhase section */
		D12433CA25F0353D00987690 /* Resources */ = {
			isa = PBXResourcesBuildPhase;
			buildActionMask = 2147483647;
			files = (
				D12433DC25F0354200987690 /* LaunchScreen.storyboard in Resources */,
				D12433D925F0354200987690 /* Assets.xcassets in Resources */,
			);
			runOnlyForDeploymentPostprocessing = 0;
		};
/* End PBXResourcesBuildPhase section */

/* Begin PBXSourcesBuildPhase section */
		D12433C825F0353D00987690 /* Sources */ = {
			isa = PBXSourcesBuildPhase;
			buildActionMask = 2147483647;
			files = (
				D12433D025F0353D00987690 /* AppDelegate.swift in Sources */,
				D124340A25F03E1100987690 /* PhotoFeedResult.swift in Sources */,
				D12433D225F0353D00987690 /* SceneDelegate.swift in Sources */,
				D124341025F03E2D00987690 /* PhotoSize.swift in Sources */,
				D12433FC25F038BC00987690 /* HomeViewController.swift in Sources */,
				D124340D25F03E1B00987690 /* Photo.swift in Sources */,
			);
			runOnlyForDeploymentPostprocessing = 0;
		};
/* End PBXSourcesBuildPhase section */

/* Begin PBXVariantGroup section */
		D12433DA25F0354200987690 /* LaunchScreen.storyboard */ = {
			isa = PBXVariantGroup;
			children = (
				D12433DB25F0354200987690 /* Base */,
			);
			name = LaunchScreen.storyboard;
			sourceTree = "<group>";
		};
/* End PBXVariantGroup section */

/* Begin XCBuildConfiguration section */
		D12433DE25F0354200987690 /* Debug */ = {
			isa = XCBuildConfiguration;
			buildSettings = {
				ALWAYS_SEARCH_USER_PATHS = NO;
				CLANG_ANALYZER_NONNULL = YES;
				CLANG_ANALYZER_NUMBER_OBJECT_CONVERSION = YES_AGGRESSIVE;
				CLANG_CXX_LANGUAGE_STANDARD = "gnu++14";
				CLANG_CXX_LIBRARY = "libc++";
				CLANG_ENABLE_MODULES = YES;
				CLANG_ENABLE_OBJC_ARC = YES;
				CLANG_ENABLE_OBJC_WEAK = YES;
				CLANG_WARN_BLOCK_CAPTURE_AUTORELEASING = YES;
				CLANG_WARN_BOOL_CONVERSION = YES;
				CLANG_WARN_COMMA = YES;
				CLANG_WARN_CONSTANT_CONVERSION = YES;
				CLANG_WARN_DEPRECATED_OBJC_IMPLEMENTATIONS = YES;
				CLANG_WARN_DIRECT_OBJC_ISA_USAGE = YES_ERROR;
				CLANG_WARN_DOCUMENTATION_COMMENTS = YES;
				CLANG_WARN_EMPTY_BODY = YES;
				CLANG_WARN_ENUM_CONVERSION = YES;
				CLANG_WARN_INFINITE_RECURSION = YES;
				CLANG_WARN_INT_CONVERSION = YES;
				CLANG_WARN_NON_LITERAL_NULL_CONVERSION = YES;
				CLANG_WARN_OBJC_IMPLICIT_RETAIN_SELF = YES;
				CLANG_WARN_OBJC_LITERAL_CONVERSION = YES;
				CLANG_WARN_OBJC_ROOT_CLASS = YES_ERROR;
				CLANG_WARN_QUOTED_INCLUDE_IN_FRAMEWORK_HEADER = YES;
				CLANG_WARN_RANGE_LOOP_ANALYSIS = YES;
				CLANG_WARN_STRICT_PROTOTYPES = YES;
				CLANG_WARN_SUSPICIOUS_MOVE = YES;
				CLANG_WARN_UNGUARDED_AVAILABILITY = YES_AGGRESSIVE;
				CLANG_WARN_UNREACHABLE_CODE = YES;
				CLANG_WARN__DUPLICATE_METHOD_MATCH = YES;
				COPY_PHASE_STRIP = NO;
				DEBUG_INFORMATION_FORMAT = dwarf;
				ENABLE_STRICT_OBJC_MSGSEND = YES;
				ENABLE_TESTABILITY = YES;
				GCC_C_LANGUAGE_STANDARD = gnu11;
				GCC_DYNAMIC_NO_PIC = NO;
				GCC_NO_COMMON_BLOCKS = YES;
				GCC_OPTIMIZATION_LEVEL = 0;
				GCC_PREPROCESSOR_DEFINITIONS = (
					"DEBUG=1",
					"$(inherited)",
				);
				GCC_WARN_64_TO_32_BIT_CONVERSION = YES;
				GCC_WARN_ABOUT_RETURN_TYPE = YES_ERROR;
				GCC_WARN_UNDECLARED_SELECTOR = YES;
				GCC_WARN_UNINITIALIZED_AUTOS = YES_AGGRESSIVE;
				GCC_WARN_UNUSED_FUNCTION = YES;
				GCC_WARN_UNUSED_VARIABLE = YES;
				IPHONEOS_DEPLOYMENT_TARGET = 14.4;
				MTL_ENABLE_DEBUG_INFO = INCLUDE_SOURCE;
				MTL_FAST_MATH = YES;
				ONLY_ACTIVE_ARCH = YES;
				SDKROOT = iphoneos;
				SWIFT_ACTIVE_COMPILATION_CONDITIONS = DEBUG;
				SWIFT_OPTIMIZATION_LEVEL = "-Onone";
			};
			name = Debug;
		};
		D12433DF25F0354200987690 /* Release */ = {
			isa = XCBuildConfiguration;
			buildSettings = {
				ALWAYS_SEARCH_USER_PATHS = NO;
				CLANG_ANALYZER_NONNULL = YES;
				CLANG_ANALYZER_NUMBER_OBJECT_CONVERSION = YES_AGGRESSIVE;
				CLANG_CXX_LANGUAGE_STANDARD = "gnu++14";
				CLANG_CXX_LIBRARY = "libc++";
				CLANG_ENABLE_MODULES = YES;
				CLANG_ENABLE_OBJC_ARC = YES;
				CLANG_ENABLE_OBJC_WEAK = YES;
				CLANG_WARN_BLOCK_CAPTURE_AUTORELEASING = YES;
				CLANG_WARN_BOOL_CONVERSION = YES;
				CLANG_WARN_COMMA = YES;
				CLANG_WARN_CONSTANT_CONVERSION = YES;
				CLANG_WARN_DEPRECATED_OBJC_IMPLEMENTATIONS = YES;
				CLANG_WARN_DIRECT_OBJC_ISA_USAGE = YES_ERROR;
				CLANG_WARN_DOCUMENTATION_COMMENTS = YES;
				CLANG_WARN_EMPTY_BODY = YES;
				CLANG_WARN_ENUM_CONVERSION = YES;
				CLANG_WARN_INFINITE_RECURSION = YES;
				CLANG_WARN_INT_CONVERSION = YES;
				CLANG_WARN_NON_LITERAL_NULL_CONVERSION = YES;
				CLANG_WARN_OBJC_IMPLICIT_RETAIN_SELF = YES;
				CLANG_WARN_OBJC_LITERAL_CONVERSION = YES;
				CLANG_WARN_OBJC_ROOT_CLASS = YES_ERROR;
				CLANG_WARN_QUOTED_INCLUDE_IN_FRAMEWORK_HEADER = YES;
				CLANG_WARN_RANGE_LOOP_ANALYSIS = YES;
				CLANG_WARN_STRICT_PROTOTYPES = YES;
				CLANG_WARN_SUSPICIOUS_MOVE = YES;
				CLANG_WARN_UNGUARDED_AVAILABILITY = YES_AGGRESSIVE;
				CLANG_WARN_UNREACHABLE_CODE = YES;
				CLANG_WARN__DUPLICATE_METHOD_MATCH = YES;
				COPY_PHASE_STRIP = NO;
				DEBUG_INFORMATION_FORMAT = "dwarf-with-dsym";
				ENABLE_NS_ASSERTIONS = NO;
				ENABLE_STRICT_OBJC_MSGSEND = YES;
				GCC_C_LANGUAGE_STANDARD = gnu11;
				GCC_NO_COMMON_BLOCKS = YES;
				GCC_WARN_64_TO_32_BIT_CONVERSION = YES;
				GCC_WARN_ABOUT_RETURN_TYPE = YES_ERROR;
				GCC_WARN_UNDECLARED_SELECTOR = YES;
				GCC_WARN_UNINITIALIZED_AUTOS = YES_AGGRESSIVE;
				GCC_WARN_UNUSED_FUNCTION = YES;
				GCC_WARN_UNUSED_VARIABLE = YES;
				IPHONEOS_DEPLOYMENT_TARGET = 14.4;
				MTL_ENABLE_DEBUG_INFO = NO;
				MTL_FAST_MATH = YES;
				SDKROOT = iphoneos;
				SWIFT_COMPILATION_MODE = wholemodule;
				SWIFT_OPTIMIZATION_LEVEL = "-O";
				VALIDATE_PRODUCT = YES;
			};
			name = Release;
		};
		D12433E125F0354200987690 /* Debug */ = {
			isa = XCBuildConfiguration;
			buildSettings = {
				ASSETCATALOG_COMPILER_APPICON_NAME = AppIcon;
				ASSETCATALOG_COMPILER_GLOBAL_ACCENT_COLOR_NAME = AccentColor;
				CODE_SIGN_STYLE = Automatic;
				DEVELOPMENT_TEAM = Z56UVR5Q3Z;
				INFOPLIST_FILE = "PhotoBrowserApp-MVVM-Generic/Info.plist";
				LD_RUNPATH_SEARCH_PATHS = (
					"$(inherited)",
					"@executable_path/Frameworks",
				);
				PRODUCT_BUNDLE_IDENTIFIER = "com.justynakowalkowska.PhotoBrowserApp-MVVM-Generic";
				PRODUCT_NAME = "$(TARGET_NAME)";
				SWIFT_VERSION = 5.0;
				TARGETED_DEVICE_FAMILY = "1,2";
			};
			name = Debug;
		};
		D12433E225F0354200987690 /* Release */ = {
			isa = XCBuildConfiguration;
			buildSettings = {
				ASSETCATALOG_COMPILER_APPICON_NAME = AppIcon;
				ASSETCATALOG_COMPILER_GLOBAL_ACCENT_COLOR_NAME = AccentColor;
				CODE_SIGN_STYLE = Automatic;
				DEVELOPMENT_TEAM = Z56UVR5Q3Z;
				INFOPLIST_FILE = "PhotoBrowserApp-MVVM-Generic/Info.plist";
				LD_RUNPATH_SEARCH_PATHS = (
					"$(inherited)",
					"@executable_path/Frameworks",
				);
				PRODUCT_BUNDLE_IDENTIFIER = "com.justynakowalkowska.PhotoBrowserApp-MVVM-Generic";
				PRODUCT_NAME = "$(TARGET_NAME)";
				SWIFT_VERSION = 5.0;
				TARGETED_DEVICE_FAMILY = "1,2";
			};
			name = Release;
		};
/* End XCBuildConfiguration section */

/* Begin XCConfigurationList section */
		D12433C725F0353D00987690 /* Build configuration list for PBXProject "PhotoBrowserApp-MVVM-Generic" */ = {
			isa = XCConfigurationList;
			buildConfigurations = (
				D12433DE25F0354200987690 /* Debug */,
				D12433DF25F0354200987690 /* Release */,
			);
			defaultConfigurationIsVisible = 0;
			defaultConfigurationName = Release;
		};
		D12433E025F0354200987690 /* Build configuration list for PBXNativeTarget "PhotoBrowserApp-MVVM-Generic" */ = {
			isa = XCConfigurationList;
			buildConfigurations = (
				D12433E125F0354200987690 /* Debug */,
				D12433E225F0354200987690 /* Release */,
			);
			defaultConfigurationIsVisible = 0;
			defaultConfigurationName = Release;
		};
/* End XCConfigurationList section */
	};
	rootObject = D12433C425F0353D00987690 /* Project object */;
}
